
Microsoft Visual Studio Solution File, Format Version 12.00
# Visual Studio 2010
Project("{FAE04EC0-301F-11D3-BF4B-00C04F79EFBC}") = "StringCalculatorTests", "StringCalculatorTests\StringCalculatorTests.csproj", "{91DD0A0B-1F86-4BB1-990A-0D603E4E7653}"
EndProject
Project("{2150E333-8FDC-42A3-9474-1A3956D46DE8}") = "Solution Items", "Solution Items", "{56A6AFF9-340F-4E2F-97FC-F53FA07D0A7A}"
EndProject
Project("{FAE04EC0-301F-11D3-BF4B-00C04F79EFBC}") = "GildedRose", "..\GildedRose\GildedRose.csproj", "{A4C125A0-7E0D-4F72-A125-6407D7938F95}"
EndProject
Project("{FAE04EC0-301F-11D3-BF4B-00C04F79EFBC}") = "Tennis", "..\Tennis\Tennis.csproj", "{F059601E-EF1A-4148-A2A4-1E1697CC69EA}"
EndProject
Project("{FAE04EC0-301F-11D3-BF4B-00C04F79EFBC}") = "TripServiceKata", "..\TripServiceKata\TripServiceKata\TripServiceKata.csproj", "{45E49CBA-0800-4391-AD80-E23837C66D95}"
EndProject
Project("{FAE04EC0-301F-11D3-BF4B-00C04F79EFBC}") = "TripServiceKata.Tests", "..\TripServiceKata\TripServiceKata.Tests\TripServiceKata.Tests.csproj", "{41370430-26A5-44FE-A12D-D63ECD369009}"
EndProject
Global
	GlobalSection(SolutionConfigurationPlatforms) = preSolution
		Debug|Any CPU = Debug|Any CPU
		Debug|Mixed Platforms = Debug|Mixed Platforms
		Debug|x86 = Debug|x86
		Release|Any CPU = Release|Any CPU
		Release|Mixed Platforms = Release|Mixed Platforms
		Release|x86 = Release|x86
	EndGlobalSection
	GlobalSection(ProjectConfigurationPlatforms) = postSolution
		{91DD0A0B-1F86-4BB1-990A-0D603E4E7653}.Debug|Any CPU.ActiveCfg = Debug|Any CPU
		{91DD0A0B-1F86-4BB1-990A-0D603E4E7653}.Debug|Any CPU.Build.0 = Debug|Any CPU
		{91DD0A0B-1F86-4BB1-990A-0D603E4E7653}.Debug|Mixed Platforms.ActiveCfg = Debug|Any CPU
		{91DD0A0B-1F86-4BB1-990A-0D603E4E7653}.Debug|Mixed Platforms.Build.0 = Debug|Any CPU
		{91DD0A0B-1F86-4BB1-990A-0D603E4E7653}.Debug|x86.ActiveCfg = Debug|Any CPU
		{91DD0A0B-1F86-4BB1-990A-0D603E4E7653}.Release|Any CPU.ActiveCfg = Release|Any CPU
		{91DD0A0B-1F86-4BB1-990A-0D603E4E7653}.Release|Any CPU.Build.0 = Release|Any CPU
		{91DD0A0B-1F86-4BB1-990A-0D603E4E7653}.Release|Mixed Platforms.ActiveCfg = Release|Any CPU
		{91DD0A0B-1F86-4BB1-990A-0D603E4E7653}.Release|Mixed Platforms.Build.0 = Release|Any CPU
		{91DD0A0B-1F86-4BB1-990A-0D603E4E7653}.Release|x86.ActiveCfg = Release|Any CPU
		{A4C125A0-7E0D-4F72-A125-6407D7938F95}.Debug|Any CPU.ActiveCfg = Debug|x86
		{A4C125A0-7E0D-4F72-A125-6407D7938F95}.Debug|Mixed Platforms.ActiveCfg = Debug|x86
		{A4C125A0-7E0D-4F72-A125-6407D7938F95}.Debug|Mixed Platforms.Build.0 = Debug|x86
		{A4C125A0-7E0D-4F72-A125-6407D7938F95}.Debug|x86.ActiveCfg = Debug|x86
		{A4C125A0-7E0D-4F72-A125-6407D7938F95}.Debug|x86.Build.0 = Debug|x86
		{A4C125A0-7E0D-4F72-A125-6407D7938F95}.Release|Any CPU.ActiveCfg = Release|x86
		{A4C125A0-7E0D-4F72-A125-6407D7938F95}.Release|Mixed Platforms.ActiveCfg = Release|x86
		{A4C125A0-7E0D-4F72-A125-6407D7938F95}.Release|Mixed Platforms.Build.0 = Release|x86
		{A4C125A0-7E0D-4F72-A125-6407D7938F95}.Release|x86.ActiveCfg = Release|x86
		{A4C125A0-7E0D-4F72-A125-6407D7938F95}.Release|x86.Build.0 = Release|x86
		{F059601E-EF1A-4148-A2A4-1E1697CC69EA}.Debug|Any CPU.ActiveCfg = Debug|x86
		{F059601E-EF1A-4148-A2A4-1E1697CC69EA}.Debug|Mixed Platforms.ActiveCfg = Debug|x86
		{F059601E-EF1A-4148-A2A4-1E1697CC69EA}.Debug|Mixed Platforms.Build.0 = Debug|x86
		{F059601E-EF1A-4148-A2A4-1E1697CC69EA}.Debug|x86.ActiveCfg = Debug|x86
		{F059601E-EF1A-4148-A2A4-1E1697CC69EA}.Debug|x86.Build.0 = Debug|x86
		{F059601E-EF1A-4148-A2A4-1E1697CC69EA}.Release|Any CPU.ActiveCfg = Release|x86
		{F059601E-EF1A-4148-A2A4-1E1697CC69EA}.Release|Mixed Platforms.ActiveCfg = Release|x86
		{F059601E-EF1A-4148-A2A4-1E1697CC69EA}.Release|Mixed Platforms.Build.0 = Release|x86
		{F059601E-EF1A-4148-A2A4-1E1697CC69EA}.Release|x86.ActiveCfg = Release|x86
		{F059601E-EF1A-4148-A2A4-1E1697CC69EA}.Release|x86.Build.0 = Release|x86
		{45E49CBA-0800-4391-AD80-E23837C66D95}.Debug|Any CPU.ActiveCfg = Debug|Any CPU
		{45E49CBA-0800-4391-AD80-E23837C66D95}.Debug|Any CPU.Build.0 = Debug|Any CPU
		{45E49CBA-0800-4391-AD80-E23837C66D95}.Debug|Mixed Platforms.ActiveCfg = Debug|Any CPU
		{45E49CBA-0800-4391-AD80-E23837C66D95}.Debug|Mixed Platforms.Build.0 = Debug|Any CPU
		{45E49CBA-0800-4391-AD80-E23837C66D95}.Debug|x86.ActiveCfg = Debug|Any CPU
		{45E49CBA-0800-4391-AD80-E23837C66D95}.Release|Any CPU.ActiveCfg = Release|Any CPU
		{45E49CBA-0800-4391-AD80-E23837C66D95}.Release|Any CPU.Build.0 = Release|Any CPU
		{45E49CBA-0800-4391-AD80-E23837C66D95}.Release|Mixed Platforms.ActiveCfg = Release|Any CPU
		{45E49CBA-0800-4391-AD80-E23837C66D95}.Release|Mixed Platforms.Build.0 = Release|Any CPU
		{45E49CBA-0800-4391-AD80-E23837C66D95}.Release|x86.ActiveCfg = Release|Any CPU
		{41370430-26A5-44FE-A12D-D63ECD369009}.Debug|Any CPU.ActiveCfg = Debug|Any CPU
		{41370430-26A5-44FE-A12D-D63ECD369009}.Debug|Any CPU.Build.0 = Debug|Any CPU
		{41370430-26A5-44FE-A12D-D63ECD369009}.Debug|Mixed Platforms.ActiveCfg = Debug|Any CPU
		{41370430-26A5-44FE-A12D-D63ECD369009}.Debug|Mixed Platforms.Build.0 = Debug|Any CPU
		{41370430-26A5-44FE-A12D-D63ECD369009}.Debug|x86.ActiveCfg = Debug|Any CPU
		{41370430-26A5-44FE-A12D-D63ECD369009}.Release|Any CPU.ActiveCfg = Release|Any CPU
		{41370430-26A5-44FE-A12D-D63ECD369009}.Release|Any CPU.Build.0 = Release|Any CPU
		{41370430-26A5-44FE-A12D-D63ECD369009}.Release|Mixed Platforms.ActiveCfg = Release|Any CPU
		{41370430-26A5-44FE-A12D-D63ECD369009}.Release|Mixed Platforms.Build.0 = Release|Any CPU
		{41370430-26A5-44FE-A12D-D63ECD369009}.Release|x86.ActiveCfg = Release|Any CPU
	EndGlobalSection
	GlobalSection(SolutionProperties) = preSolution
		HideSolutionNode = FALSE
	EndGlobalSection
EndGlobal
