
Microsoft Visual Studio Solution File, Format Version 12.00
# Visual Studio 2010
Project("{FAE04EC0-301F-11D3-BF4B-00C04F79EFBC}") = "StringCalculatorTests", "StringCalculatorTests\StringCalculatorTests.csproj", "{91DD0A0B-1F86-4BB1-990A-0D603E4E7653}"
EndProject
Project("{2150E333-8FDC-42A3-9474-1A3956D46DE8}") = "Solution Items", "Solution Items", "{56A6AFF9-340F-4E2F-97FC-F53FA07D0A7A}"
EndProject
Project("{FAE04EC0-301F-11D3-BF4B-00C04F79EFBC}") = "GildedRose", "..\GildedRose\GildedRose.csproj", "{A4C125A0-7E0D-4F72-A125-6407D7938F95}"
EndProject
Project("{FAE04EC0-301F-11D3-BF4B-00C04F79EFBC}") = "GildedRoseTests", "..\GildedRoseTests\GildedRoseTests.csproj", "{9001D51D-0FB4-4BA2-9484-CB041DC24D55}"
EndProject
Global
	GlobalSection(SolutionConfigurationPlatforms) = preSolution
		Debug|Any CPU = Debug|Any CPU
		Debug|Mixed Platforms = Debug|Mixed Platforms
		Debug|x86 = Debug|x86
		Release|Any CPU = Release|Any CPU
		Release|Mixed Platforms = Release|Mixed Platforms
		Release|x86 = Release|x86
	EndGlobalSection
	GlobalSection(ProjectConfigurationPlatforms) = postSolution
		{91DD0A0B-1F86-4BB1-990A-0D603E4E7653}.Debug|Any CPU.ActiveCfg = Debug|Any CPU
		{91DD0A0B-1F86-4BB1-990A-0D603E4E7653}.Debug|Any CPU.Build.0 = Debug|Any CPU
		{91DD0A0B-1F86-4BB1-990A-0D603E4E7653}.Debug|Mixed Platforms.ActiveCfg = Debug|Any CPU
		{91DD0A0B-1F86-4BB1-990A-0D603E4E7653}.Debug|Mixed Platforms.Build.0 = Debug|Any CPU
		{91DD0A0B-1F86-4BB1-990A-0D603E4E7653}.Debug|x86.ActiveCfg = Debug|Any CPU
		{91DD0A0B-1F86-4BB1-990A-0D603E4E7653}.Release|Any CPU.ActiveCfg = Release|Any CPU
		{91DD0A0B-1F86-4BB1-990A-0D603E4E7653}.Release|Any CPU.Build.0 = Release|Any CPU
		{91DD0A0B-1F86-4BB1-990A-0D603E4E7653}.Release|Mixed Platforms.ActiveCfg = Release|Any CPU
		{91DD0A0B-1F86-4BB1-990A-0D603E4E7653}.Release|Mixed Platforms.Build.0 = Release|Any CPU
		{91DD0A0B-1F86-4BB1-990A-0D603E4E7653}.Release|x86.ActiveCfg = Release|Any CPU
		{A4C125A0-7E0D-4F72-A125-6407D7938F95}.Debug|Any CPU.ActiveCfg = Debug|x86
		{A4C125A0-7E0D-4F72-A125-6407D7938F95}.Debug|Mixed Platforms.ActiveCfg = Debug|x86
		{A4C125A0-7E0D-4F72-A125-6407D7938F95}.Debug|Mixed Platforms.Build.0 = Debug|x86
		{A4C125A0-7E0D-4F72-A125-6407D7938F95}.Debug|x86.ActiveCfg = Debug|x86
		{A4C125A0-7E0D-4F72-A125-6407D7938F95}.Debug|x86.Build.0 = Debug|x86
		{A4C125A0-7E0D-4F72-A125-6407D7938F95}.Release|Any CPU.ActiveCfg = Release|x86
		{A4C125A0-7E0D-4F72-A125-6407D7938F95}.Release|Mixed Platforms.ActiveCfg = Release|x86
		{A4C125A0-7E0D-4F72-A125-6407D7938F95}.Release|Mixed Platforms.Build.0 = Release|x86
		{A4C125A0-7E0D-4F72-A125-6407D7938F95}.Release|x86.ActiveCfg = Release|x86
		{A4C125A0-7E0D-4F72-A125-6407D7938F95}.Release|x86.Build.0 = Release|x86
		{9001D51D-0FB4-4BA2-9484-CB041DC24D55}.Debug|Any CPU.ActiveCfg = Debug|Any CPU
		{9001D51D-0FB4-4BA2-9484-CB041DC24D55}.Debug|Any CPU.Build.0 = Debug|Any CPU
		{9001D51D-0FB4-4BA2-9484-CB041DC24D55}.Debug|Mixed Platforms.ActiveCfg = Debug|Any CPU
		{9001D51D-0FB4-4BA2-9484-CB041DC24D55}.Debug|Mixed Platforms.Build.0 = Debug|Any CPU
		{9001D51D-0FB4-4BA2-9484-CB041DC24D55}.Debug|x86.ActiveCfg = Debug|Any CPU
		{9001D51D-0FB4-4BA2-9484-CB041DC24D55}.Release|Any CPU.ActiveCfg = Release|Any CPU
		{9001D51D-0FB4-4BA2-9484-CB041DC24D55}.Release|Any CPU.Build.0 = Release|Any CPU
		{9001D51D-0FB4-4BA2-9484-CB041DC24D55}.Release|Mixed Platforms.ActiveCfg = Release|Any CPU
		{9001D51D-0FB4-4BA2-9484-CB041DC24D55}.Release|Mixed Platforms.Build.0 = Release|Any CPU
		{9001D51D-0FB4-4BA2-9484-CB041DC24D55}.Release|x86.ActiveCfg = Release|Any CPU
	EndGlobalSection
	GlobalSection(SolutionProperties) = preSolution
		HideSolutionNode = FALSE
	EndGlobalSection
EndGlobal
